# @generated by Move, please check-in and do not edit manually.

[move]
version = 0
manifest_digest = "0267BB606142CD8CCD26F78160977EF1233F710B9A8FFF8938BA91E369809B07"
deps_digest = "E1D7E043028E491423D24CFE32EDBF08D2B9BE2D88583F8EF0EB42E83F381881"

dependencies = [
  { name = "Sui" },
  { name = "SuiSystem" },
  { name = "WispLSDFIAggregator" },
  { name = "WispLSDFi" },
  { name = "afsui" },
  { name = "afsui_referral" },
  { name = "aftermath" },
]

[[move.package]]
name = "LinkedSet"
source = { local = "../../protocols/aftermath-interface/linked_set" }

dependencies = [
  { name = "Sui" },
]

[[move.package]]
name = "MoveStdlib"
source = { git = "https://github.com/MystenLabs/sui.git", rev = "testnet", subdir = "crates/sui-framework/packages/move-stdlib" }

[[move.package]]
name = "Sui"
source = { git = "https://github.com/MystenLabs/sui.git", rev = "testnet", subdir = "crates/sui-framework/packages/sui-framework" }

dependencies = [
  { name = "MoveStdlib" },
]

[[move.package]]
name = "SuiSystem"
source = { git = "https://github.com/MystenLabs/sui.git", rev = "testnet", subdir = "crates/sui-framework/packages/sui-system" }

dependencies = [
  { name = "MoveStdlib" },
  { name = "Sui" },
]

[[move.package]]
name = "SuiSystemUtils"
source = { local = "../../protocols/aftermath-interface/sui_system_utils" }

dependencies = [
  { name = "Sui" },
]

[[move.package]]
name = "WispExchange"
source = { local = "../../../wispswap-smart-contracts/exchange" }

dependencies = [
  { name = "Sui" },
]

[[move.package]]
name = "WispLSDFIAggregator"
source = { local = "../../aggregator" }

dependencies = [
  { name = "Sui" },
]

[[move.package]]
name = "WispLSDFi"
source = { local = "../../lsdfi" }

dependencies = [
  { name = "Sui" },
  { name = "WispExchange" },
  { name = "WispLSDFIAggregator" },
]

[[move.package]]
name = "afsui"
source = { local = "../../protocols/aftermath-interface/afsui" }

dependencies = [
  { name = "Sui" },
]

[[move.package]]
name = "afsui_referral"
source = { local = "../../protocols/aftermath-interface/afsui-referral" }

dependencies = [
  { name = "Sui" },
  { name = "SuiSystem" },
]

[[move.package]]
name = "afsui_treasury"
source = { local = "../../protocols/aftermath-interface/afsui-treasury" }

dependencies = [
  { name = "Sui" },
  { name = "SuiSystem" },
]

[[move.package]]
name = "aftermath"
source = { local = "../../protocols/aftermath-interface/aftermath" }

dependencies = [
  { name = "LinkedSet" },
  { name = "Sui" },
  { name = "SuiSystemUtils" },
  { name = "afsui" },
  { name = "afsui_referral" },
  { name = "afsui_treasury" },
  { name = "utilities" },
]

[[move.package]]
name = "utilities"
source = { local = "../../protocols/aftermath-interface/utilities" }

dependencies = [
  { name = "Sui" },
]
