# @generated by Move, please check-in and do not edit manually.

[move]
version = 0
manifest_digest = "353391A478B8336886481D3E546900B593C97A0FF79EF68B0A80697733E8E1C3"

dependencies = [
  { name = "Sui" },
  { name = "SuiSystem" },
  { name = "WispLSDFIAggregator" },
  { name = "WispLSDFi" },
  { name = "afsui" },
  { name = "aftermath" },
  { name = "referral_vault" },
]

[[move.package]]
name = "MoveStdlib"
source = { git = "https://github.com/MystenLabs/sui.git", rev = "testnet", subdir = "crates/sui-framework/packages/move-stdlib" }

[[move.package]]
name = "Sui"
source = { git = "https://github.com/MystenLabs/sui.git", rev = "testnet", subdir = "crates/sui-framework/packages/sui-framework" }

dependencies = [
  { name = "MoveStdlib" },
]

[[move.package]]
name = "SuiSystem"
source = { git = "https://github.com/MystenLabs/sui.git", rev = "testnet", subdir = "crates/sui-framework/packages/sui-system" }

dependencies = [
  { name = "MoveStdlib" },
  { name = "Sui" },
]

[[move.package]]
name = "WispExchange"
source = { local = "../../../wispswap-smart-contracts/exchange" }

dependencies = [
  { name = "Sui" },
]

[[move.package]]
name = "WispLSDFIAggregator"
source = { local = "../../aggregator" }

dependencies = [
  { name = "Sui" },
]

[[move.package]]
name = "WispLSDFi"
source = { local = "../../lsdfi" }

dependencies = [
  { name = "Sui" },
  { name = "WispExchange" },
  { name = "WispLSDFIAggregator" },
]

[[move.package]]
name = "afsui"
source = { local = "../../protocols/aftermath-interface/afsui" }

dependencies = [
  { name = "Sui" },
]

[[move.package]]
name = "aftermath"
source = { local = "../../protocols/aftermath-interface/aftermath" }

dependencies = [
  { name = "Sui" },
  { name = "SuiSystem" },
  { name = "afsui" },
  { name = "linked_set" },
  { name = "referral_vault" },
  { name = "sui_system_utils" },
  { name = "treasury" },
  { name = "utilities" },
]

[[move.package]]
name = "linked_set"
source = { local = "../../protocols/aftermath-interface/linked_set" }

dependencies = [
  { name = "Sui" },
]

[[move.package]]
name = "referral_vault"
source = { local = "../../protocols/aftermath-interface/referral_vault" }

dependencies = [
  { name = "Sui" },
]

[[move.package]]
name = "sui_system_utils"
source = { local = "../../protocols/aftermath-interface/sui_system_utils" }

dependencies = [
  { name = "Sui" },
  { name = "SuiSystem" },
]

[[move.package]]
name = "treasury"
source = { local = "../../protocols/aftermath-interface/treasury" }

dependencies = [
  { name = "Sui" },
]

[[move.package]]
name = "utilities"
source = { local = "../../protocols/aftermath-interface/utilities" }

dependencies = [
  { name = "Sui" },
]
