# @generated by Move, please check-in and do not edit manually.

[move]
version = 0
manifest_digest = "6B8324063329C58B8D77EBFCEB69FA028066BDD09456DC08C98CBD5666E81CD7"
deps_digest = "6CBBEC90D156E7B388D23CE741136BAECDEDDB4F661ADA8D38B281F559B3DF2D"

dependencies = [
  { name = "Sui" },
  { name = "WispExchange" },
  { name = "WispLSDFIAggregator" },
]

[[move.package]]
name = "MoveStdlib"
source = { git = "https://github.com/MystenLabs/sui.git", rev = "testnet", subdir = "crates/sui-framework/packages/move-stdlib" }

[[move.package]]
name = "Sui"
source = { git = "https://github.com/MystenLabs/sui.git", rev = "testnet", subdir = "crates/sui-framework/packages/sui-framework/" }

dependencies = [
  { name = "MoveStdlib" },
]

[[move.package]]
name = "WispExchange"
source = { local = "../../wispswap-smart-contracts/exchange" }

dependencies = [
  { name = "Sui" },
]

[[move.package]]
name = "WispLSDFIAggregator"
source = { local = "../aggregator" }

dependencies = [
  { name = "Sui" },
]
