# @generated by Move, please check-in and do not edit manually.

[move]
version = 0

dependencies = [
  { name = "Sui" },
  { name = "Wisp" },
  { name = "WispExchange" },
  { name = "WispVault" },
]

[[move.package]]
name = "MoveStdlib"
source = { git = "https://github.com/MystenLabs/sui.git", rev = "testnet", subdir = "crates/sui-framework/packages/move-stdlib" }

[[move.package]]
name = "Sui"
source = { git = "https://github.com/MystenLabs/sui.git", rev = "testnet", subdir = "crates/sui-framework/packages/sui-framework/" }

dependencies = [
  { name = "MoveStdlib" },
]

[[move.package]]
name = "Wisp"
source = { local = "../wisp" }

dependencies = [
  { name = "Sui" },
]

[[move.package]]
name = "WispExchange"
source = { local = "../exchange" }

dependencies = [
  { name = "Sui" },
]

[[move.package]]
name = "WispVault"
source = { local = "../vault" }

dependencies = [
  { name = "Sui" },
  { name = "Wisp" },
]
