# @generated by Move, please check-in and do not edit manually.

[move]
version = 0
manifest_digest = "0BBEC823C10B48AC080AE9DA3CA4727FFBF03B6351F6BBD351AB38A317A2F13B"
deps_digest = "02F705743EACD2B87593E02505A1698EEE4D7068B55450C2B0FC411625D1499F"

dependencies = [
  { name = "Sui" },
  { name = "SuiSystem" },
]

[[move.package]]
name = "MoveStdlib"
source = { git = "https://github.com/MystenLabs/sui.git", rev = "testnet", subdir = "crates/sui-framework/packages/move-stdlib" }

[[move.package]]
name = "Sui"
source = { git = "https://github.com/MystenLabs/sui.git", rev = "testnet", subdir = "crates/sui-framework/packages/sui-framework" }

dependencies = [
  { name = "MoveStdlib" },
]

[[move.package]]
name = "SuiSystem"
source = { git = "https://github.com/MystenLabs/sui.git", rev = "testnet", subdir = "crates/sui-framework/packages/sui-system" }

dependencies = [
  { name = "MoveStdlib" },
  { name = "Sui" },
]
