# @generated by Move, please check-in and do not edit manually.

[move]
version = 0
manifest_digest = "9B7981A61CB6BF690C6A80AE8D3F60D7A6EA66E57968D6480E4241A6E16A82EE"
deps_digest = "ACA1D771750E354E6E44C9D3D964AA7AA5837619AE3AFCE21AF85589DA1BE974"

dependencies = [
  { name = "Sui" },
  { name = "SuiSystem" },
  { name = "WispLSDFIAggregator" },
  { name = "WispLSDFi" },
  { name = "haedal" },
]

[[move.package]]
name = "MoveStdlib"
source = { git = "https://github.com/MystenLabs/sui.git", rev = "testnet", subdir = "crates/sui-framework/packages/move-stdlib" }

[[move.package]]
name = "Sui"
source = { git = "https://github.com/MystenLabs/sui.git", rev = "testnet", subdir = "crates/sui-framework/packages/sui-framework" }

dependencies = [
  { name = "MoveStdlib" },
]

[[move.package]]
name = "SuiSystem"
source = { git = "https://github.com/MystenLabs/sui.git", rev = "testnet", subdir = "crates/sui-framework/packages/sui-system" }

dependencies = [
  { name = "MoveStdlib" },
  { name = "Sui" },
]

[[move.package]]
name = "WispExchange"
source = { local = "../../../wispswap-smart-contracts/exchange" }

dependencies = [
  { name = "Sui" },
]

[[move.package]]
name = "WispLSDFIAggregator"
source = { local = "../../aggregator" }

dependencies = [
  { name = "Sui" },
]

[[move.package]]
name = "WispLSDFi"
source = { local = "../../lsdfi" }

dependencies = [
  { name = "Sui" },
  { name = "WispExchange" },
  { name = "WispLSDFIAggregator" },
]

[[move.package]]
name = "haedal"
source = { local = "../../protocols/haedal-interface" }

dependencies = [
  { name = "Sui" },
  { name = "SuiSystem" },
]
