# @generated by Move, please check-in and do not edit manually.

[move]
version = 0
manifest_digest = "EC5EEAE7D156A1850966041B3014797315447DD266893B79CAAB243AB6ED9A0E"

dependencies = [
  { name = "Sui" },
  { name = "SuiSystem" },
  { name = "WispLSDFIAggregator" },
  { name = "WispLSDFi" },
  { name = "volo" },
]

[[move.package]]
name = "MoveStdlib"
source = { git = "https://github.com/MystenLabs/sui.git", rev = "testnet", subdir = "crates/sui-framework/packages/move-stdlib" }

[[move.package]]
name = "Sui"
source = { git = "https://github.com/MystenLabs/sui.git", rev = "testnet", subdir = "crates/sui-framework/packages/sui-framework" }

dependencies = [
  { name = "MoveStdlib" },
]

[[move.package]]
name = "SuiSystem"
source = { git = "https://github.com/MystenLabs/sui.git", rev = "testnet", subdir = "crates/sui-framework/packages/sui-system" }

dependencies = [
  { name = "MoveStdlib" },
  { name = "Sui" },
]

[[move.package]]
name = "WispExchange"
source = { local = "../../../wispswap-smart-contracts/exchange" }

dependencies = [
  { name = "Sui" },
]

[[move.package]]
name = "WispLSDFIAggregator"
source = { local = "../../aggregator" }

dependencies = [
  { name = "Sui" },
]

[[move.package]]
name = "WispLSDFi"
source = { local = "../../lsdfi" }

dependencies = [
  { name = "Sui" },
  { name = "WispExchange" },
  { name = "WispLSDFIAggregator" },
]

[[move.package]]
name = "volo"
source = { local = "../../protocols/volo-interface" }

dependencies = [
  { name = "Sui" },
  { name = "SuiSystem" },
]
