# @generated by Move, please check-in and do not edit manually.

[move]
version = 0
manifest_digest = "D5FB1E55D07B9321C4E21FCCDF9B29069F3B9E0D1F11591CB2F2EE67058023D1"
deps_digest = "DAEB89C613649A02044C4585E668D288E94441A090CBEFD8F7B8A1B0BE4853D4"

dependencies = [
  { name = "Sui" },
  { name = "afsui" },
  { name = "afsui_referral" },
]

[[move.package]]
name = "MoveStdlib"
source = { git = "https://github.com/MystenLabs/sui.git", rev = "testnet", subdir = "crates/sui-framework/packages/move-stdlib" }

[[move.package]]
name = "Sui"
source = { git = "https://github.com/MystenLabs/sui.git", rev = "testnet", subdir = "crates/sui-framework/packages/sui-framework" }

dependencies = [
  { name = "MoveStdlib" },
]

[[move.package]]
name = "SuiSystem"
source = { git = "https://github.com/MystenLabs/sui.git", rev = "testnet", subdir = "crates/sui-framework/packages/sui-system" }

dependencies = [
  { name = "MoveStdlib" },
  { name = "Sui" },
]

[[move.package]]
name = "afsui"
source = { local = "../afsui" }

dependencies = [
  { name = "Sui" },
]

[[move.package]]
name = "afsui_referral"
source = { local = "../afsui-referral" }

dependencies = [
  { name = "Sui" },
  { name = "SuiSystem" },
]
