# @generated by Move, please check-in and do not edit manually.

[move]
version = 0
manifest_digest = "6919B916287A7C3EE1249395A5DC74A3E4C1C51B78BB648D5BB784517BBE8005"
deps_digest = "1705EC09E0D86D0A9016A9CDBC3528DAB38F7FFCA00F502F0931FD55569E30F6"

dependencies = [
  { name = "Sui" },
  { name = "SuiSystem" },
  { name = "WispLSDFi" },
]

[[move.package]]
name = "MoveStdlib"
source = { git = "https://github.com/MystenLabs/sui.git", rev = "testnet", subdir = "crates/sui-framework/packages/move-stdlib" }

[[move.package]]
name = "Sui"
source = { git = "https://github.com/MystenLabs/sui.git", rev = "testnet", subdir = "crates/sui-framework/packages/sui-framework" }

dependencies = [
  { name = "MoveStdlib" },
]

[[move.package]]
name = "SuiSystem"
source = { git = "https://github.com/MystenLabs/sui.git", rev = "testnet", subdir = "crates/sui-framework/packages/sui-system" }

dependencies = [
  { name = "MoveStdlib" },
  { name = "Sui" },
]

[[move.package]]
name = "WispExchange"
source = { local = "../../wispswap-smart-contracts/exchange" }

dependencies = [
  { name = "Sui" },
]

[[move.package]]
name = "WispLSDFIAggregator"
source = { local = "../aggregator" }

dependencies = [
  { name = "Sui" },
]

[[move.package]]
name = "WispLSDFi"
source = { local = "../lsdfi" }

dependencies = [
  { name = "Sui" },
  { name = "WispExchange" },
  { name = "WispLSDFIAggregator" },
]
